
Microsoft Visual Studio Solution File, Format Version 11.00
# Visual Studio 2010
Project("{FAE04EC0-301F-11D3-BF4B-00C04F79EFBC}") = "High Low Range Bot", "High Low Range Bot\High Low Range Bot.csproj", "{A40DFC2F-18AA-4569-A156-5C25C5CFA004}"
EndProject
Global
	GlobalSection(SolutionConfigurationPlatforms) = preSolution
		Debug|Any CPU = Debug|Any CPU
		Release|Any CPU = Release|Any CPU
	EndGlobalSection
	GlobalSection(ProjectConfigurationPlatforms) = postSolution
		{A40DFC2F-18AA-4569-A156-5C25C5CFA004}.Debug|Any CPU.ActiveCfg = Debug|Any CPU
		{A40DFC2F-18AA-4569-A156-5C25C5CFA004}.Debug|Any CPU.Build.0 = Debug|Any CPU
		{A40DFC2F-18AA-4569-A156-5C25C5CFA004}.Release|Any CPU.ActiveCfg = Release|Any CPU
		{A40DFC2F-18AA-4569-A156-5C25C5CFA004}.Release|Any CPU.Build.0 = Release|Any CPU
	EndGlobalSection
	GlobalSection(SolutionProperties) = preSolution
		HideSolutionNode = FALSE
	EndGlobalSection
EndGlobal
